
Microsoft Visual Studio Solution File, Format Version 12.00
# Visual Studio Version 16
VisualStudioVersion = 16.0.28803.352
MinimumVisualStudioVersion = 10.0.40219.1
Project("{FAE04EC0-301F-11D3-BF4B-00C04F79EFBC}") = "Proyecto Tecnicas", "Proyecto Tecnicas\Proyecto Tecnicas.csproj", "{C2D9E69A-0729-42F2-838A-1A75568B6AE1}"
EndProject
Project("{FAE04EC0-301F-11D3-BF4B-00C04F79EFBC}") = "XUnitIndiceTests", "XUnitIndiceTests\XUnitIndiceTests.csproj", "{91AA184A-1ABB-403C-BD08-6980B4C5C751}"
EndProject
Global
	GlobalSection(SolutionConfigurationPlatforms) = preSolution
		Debug|Any CPU = Debug|Any CPU
		Release|Any CPU = Release|Any CPU
	EndGlobalSection
	GlobalSection(ProjectConfigurationPlatforms) = postSolution
		{C2D9E69A-0729-42F2-838A-1A75568B6AE1}.Debug|Any CPU.ActiveCfg = Debug|Any CPU
		{C2D9E69A-0729-42F2-838A-1A75568B6AE1}.Debug|Any CPU.Build.0 = Debug|Any CPU
		{C2D9E69A-0729-42F2-838A-1A75568B6AE1}.Release|Any CPU.ActiveCfg = Release|Any CPU
		{C2D9E69A-0729-42F2-838A-1A75568B6AE1}.Release|Any CPU.Build.0 = Release|Any CPU
		{91AA184A-1ABB-403C-BD08-6980B4C5C751}.Debug|Any CPU.ActiveCfg = Debug|Any CPU
		{91AA184A-1ABB-403C-BD08-6980B4C5C751}.Debug|Any CPU.Build.0 = Debug|Any CPU
		{91AA184A-1ABB-403C-BD08-6980B4C5C751}.Release|Any CPU.ActiveCfg = Release|Any CPU
		{91AA184A-1ABB-403C-BD08-6980B4C5C751}.Release|Any CPU.Build.0 = Release|Any CPU
	EndGlobalSection
	GlobalSection(SolutionProperties) = preSolution
		HideSolutionNode = FALSE
	EndGlobalSection
	GlobalSection(ExtensibilityGlobals) = postSolution
		SolutionGuid = {B204C9BA-B2CB-45D7-9DD1-3DF7F70F77DC}
	EndGlobalSection
EndGlobal
